{
    "_meta": {
        "hash": {
            "sha256": "ed9b004e8a4951ec6e63aaae9e9a553632b9f38352d85e60268d69b8de4f6be3"
        },
        "pipfile-spec": 6,
        "requires": {
            "python_version": "3.7"
        },
        "sources": [
            {
                "name": "pypi",
                "url": "https://pypi.org/simple",
                "verify_ssl": true
            }
        ]
    },
    "default": {
        "attrs": {
            "hashes": [
                "sha256:26b54ddbbb9ee1d34d5d3668dd37d6cf74990ab23c828c2888dccdceee395594",
                "sha256:fce7fc47dfc976152e82d53ff92fa0407700c21acd20886a13777a0d20e655dc"
            ],
            "index": "pypi",
            "version": "==20.2.0"
        },
        "click": {
            "hashes": [
                "sha256:d2b5255c7c6349bc1bd1e59e08cd12acbbd63ce649f2588755783aa94dfb6b1a",
                "sha256:dacca89f4bfadd5de3d7489b7c8a566eee0d3676333fbb50030263894c38c0dc"
            ],
            "version": "==7.1.2"
        },
        "click-plugins": {
            "hashes": [
                "sha256:46ab999744a9d831159c3411bb0c79346d94a444df9a3a3742e9ed63645f264b",
                "sha256:5d262006d3222f5057fd81e1623d4443e41dcda5dc815c06b442aa3c02889fc8"
            ],
            "version": "==1.1.1"
        },
        "cligj": {
            "hashes": [
                "sha256:20f24ce9abfde3f758aec3399e6811b936b6772f360846c662c19bf5537b4f14",
                "sha256:60c93dda4499562eb87509a8ff3535a7441053b766c9c26bcf874a732f939c7c",
                "sha256:6c7d52d529a78712491974f975c33473f430c0f7beb18c0d7a402a743dcb460a"
            ],
            "version": "==0.5.0"
        },
        "findspark": {
            "hashes": [
                "sha256:4eeb6d831b28cb869da8f4f1a24eb7ff1b51f11c17e44a713fedc9556ab2ccfe",
                "sha256:6d52971f4417e976aea21aea0f4ac7e470fa365d6139100e03fb76b76eb97da0"
            ],
            "index": "pypi",
            "version": "==1.4.2"
        },
        "fiona": {
            "hashes": [
                "sha256:2563d9a9f21390a7376556c82d9cef90a20a362949a9c7cb66f4ce63d90b66cd",
                "sha256:4743fd04e3c1d88619e3c1e1266b826427c4e3fcf1286abbda8d3480028781bf",
                "sha256:5558d925d67f5b08d0bdb3d58f3611b2e9d4f070cb9b026bbdd52b6d487d5e03",
                "sha256:716201c21246587f374785bec6d6a20a984fe1f6c2b0e83bf15127eb8f724d0c",
                "sha256:7f101957734898d2ad694be8d2bdd3f3e4f722387d3972c89dcedcae6b6c4bb7",
                "sha256:84131992cc664d531c93d1d4860c4b7ceac0516a2f31b9cd71823889c21fa67d",
                "sha256:c9adb0c4245aec2d642727e027b79b862be4ffa13bdcc65b7ea5f9405cec492c",
                "sha256:cfeed61eb411ddc30f5048c43f3dfc0c03a97603dfa2bdc2ee16d5d063ff24b4",
                "sha256:d38a6ef59087b5a20ad7298608c5392e37705ff14d27b44435e04072bbf6632c",
                "sha256:fcfd8b67403de9b1cc53c045c72542e9f30cb15e617c89c41b928046a9b27daa"
            ],
            "version": "==1.8.17"
        },
        "geopandas": {
            "hashes": [
                "sha256:3e98a2d21917562256ac01e2f1d568b7410f0476793fb70d4191777de6322b04",
                "sha256:b9a7e3ad3afe59396a3fcb1cf8d2004f4302aab0ccd7ffbe4648a0a03a506a83"
            ],
            "index": "pypi",
            "version": "==0.6.0"
        },
        "munch": {
            "hashes": [
                "sha256:2d735f6f24d4dba3417fa448cae40c6e896ec1fdab6cdb5e6510999758a4dbd2",
                "sha256:6f44af89a2ce4ed04ff8de41f70b226b984db10a91dcc7b9ac2efc1c77022fdd"
            ],
            "version": "==2.5.0"
        },
        "numpy": {
            "hashes": [
                "sha256:04c7d4ebc5ff93d9822075ddb1751ff392a4375e5885299445fcebf877f179d5",
                "sha256:0bfd85053d1e9f60234f28f63d4a5147ada7f432943c113a11afcf3e65d9d4c8",
                "sha256:0c66da1d202c52051625e55a249da35b31f65a81cb56e4c69af0dfb8fb0125bf",
                "sha256:0d310730e1e793527065ad7dde736197b705d0e4c9999775f212b03c44a8484c",
                "sha256:1669ec8e42f169ff715a904c9b2105b6640f3f2a4c4c2cb4920ae8b2785dac65",
                "sha256:2117536e968abb7357d34d754e3733b0d7113d4c9f1d921f21a3d96dec5ff716",
                "sha256:3733640466733441295b0d6d3dcbf8e1ffa7e897d4d82903169529fd3386919a",
                "sha256:4339741994c775396e1a274dba3609c69ab0f16056c1077f18979bec2a2c2e6e",
                "sha256:51ee93e1fac3fe08ef54ff1c7f329db64d8a9c5557e6c8e908be9497ac76374b",
                "sha256:54045b198aebf41bf6bf4088012777c1d11703bf74461d70cd350c0af2182e45",
                "sha256:58d66a6b3b55178a1f8a5fe98df26ace76260a70de694d99577ddeab7eaa9a9d",
                "sha256:59f3d687faea7a4f7f93bd9665e5b102f32f3fa28514f15b126f099b7997203d",
                "sha256:62139af94728d22350a571b7c82795b9d59be77fc162414ada6c8b6a10ef5d02",
                "sha256:7118f0a9f2f617f921ec7d278d981244ba83c85eea197be7c5a4f84af80a9c3c",
                "sha256:7c6646314291d8f5ea900a7ea9c4261f834b5b62159ba2abe3836f4fa6705526",
                "sha256:967c92435f0b3ba37a4257c48b8715b76741410467e2bdb1097e8391fccfae15",
                "sha256:9a3001248b9231ed73894c773142658bab914645261275f675d86c290c37f66d",
                "sha256:aba1d5daf1144b956bc87ffb87966791f5e9f3e1f6fab3d7f581db1f5b598f7a",
                "sha256:addaa551b298052c16885fc70408d3848d4e2e7352de4e7a1e13e691abc734c1",
                "sha256:b594f76771bc7fc8a044c5ba303427ee67c17a09b36e1fa32bde82f5c419d17a",
                "sha256:c35a01777f81e7333bcf276b605f39c872e28295441c265cd0c860f4b40148c1",
                "sha256:cebd4f4e64cfe87f2039e4725781f6326a61f095bc77b3716502bed812b385a9",
                "sha256:d526fa58ae4aead839161535d59ea9565863bb0b0bdb3cc63214613fb16aced4",
                "sha256:d7ac33585e1f09e7345aa902c281bd777fdb792432d27fca857f39b70e5dd31c",
                "sha256:e6ddbdc5113628f15de7e4911c02aed74a4ccff531842c583e5032f6e5a179bd",
                "sha256:eb25c381d168daf351147713f49c626030dcff7a393d5caa62515d415a6071d8"
            ],
            "version": "==1.19.2"
        },
        "pandas": {
            "hashes": [
                "sha256:206d7c3e5356dcadf082e64dc25c24bc8541718045826074f96346e9d6d05a20",
                "sha256:24f61f40febe47edac271eda45d683e42838b7db2bd0f82574d9800259d2b182",
                "sha256:3a038cd5da602b955d335aa80cbaa0e5774f68501ff47b9c21509906981478da",
                "sha256:427be9938b2f79ab298de84f87693914cda238a27cf10580da96caf3dff64115",
                "sha256:54f5f564058b0280d588c3758abde82e280702c440db5faf0c686b80336096f9",
                "sha256:5a8a84b75ca3a29bb4263b35d5ed9fcaae2b062f014feed8c5daa897339c7d85",
                "sha256:84a4ffe668df357e31f98c829536e3a7142c3036c82f996e639f644c5d32eda1",
                "sha256:882012763668af54b48f1412bab95c5cc0a7ccce5a2a8221cfc3839a6e3394ef",
                "sha256:920d30fdff65a079f071db635d282b4f583c2b26f2b58d5dca218aac7c59974d",
                "sha256:a605054fbca71ed1d08bb2aef6f73c84a579bbac956bfe8f9718d5e84cb41248",
                "sha256:b11b496c317dbe007898de699fd59eaf687d0fe8c1b7dad109db6010155d28ae",
                "sha256:babbeda2f83b0686c9ad38d93b10516e68cdcd5771007eb80a763e98aaf44613",
                "sha256:c22e40f1b4d162ca18eb6b2c572e63eef220dbc9cc3de0241cefb77972621bb7",
                "sha256:ca31ac8578d48da354cf66a473d4d5ff99277ca71d321dc7ea4e6fad3c6bb0fd",
                "sha256:ca71a5aa9eeb3ef5b31feca7d9b6369d6b3d0b2e9c85d7a89abe3ecb013f1e86",
                "sha256:d6b1f9d506dc23da2915bcae5c5968990049c9cec44108bd9855d2c7c89d91dc",
                "sha256:d89dbc58aec1544722a8d5046f880b597c497ef8a82c5fe695b4b2effafac5ec",
                "sha256:df43ea0e9fd9f9672b0de9cac26d01255ad50481994bf3cb4687c21eec2d7bbc",
                "sha256:fd6f05b6101d0e76f3e5c26a47be5be7be96ed84ef3981dc1852e76898e73594"
            ],
            "index": "pypi",
            "version": "==1.1.3"
        },
        "py4j": {
            "hashes": [
                "sha256:36ec57f43ff8ced260a18aa9a4e46c3500a730cac8860e259cbaa546c2b9db2f",
                "sha256:859ba728a7bb43e9c2bf058832759fb97a598bb28cc12f34f5fc4abdec08ede6"
            ],
            "version": "==0.10.9"
        },
        "pyproj": {
            "hashes": [
                "sha256:2518d1606e2229b82318e704b40290e02a2a52d77b40cdcb2978973d6fc27b20",
                "sha256:33a5d1cfbb40a019422eb80709a0e270704390ecde7278fdc0b88f3647c56a39",
                "sha256:33c1c2968a4f4f87d517c4275a18b557e5c13907cf2609371fadea8463c3ba05",
                "sha256:3fef83a01c1e86dd9fa99d8214f749837cfafc34d9d6230b4b0a998fa7a68a1a",
                "sha256:451a3d1c563b672458029ebc04acbb3266cd8b3025268eb871a9176dc3638911",
                "sha256:457ad3856014ac26af1d86def6dc8cf69c1fa377b6e2fd6e97912d51cf66bdbe",
                "sha256:4f5b02b4abbd41610397c635b275a8ee4a2b5bc72a75572b98ac6ae7befa471e",
                "sha256:6a212d0e5c7efa33d039f0c8b0a489e2204fcd28b56206567852ad7f5f2a653e",
                "sha256:6f3f36440ea61f5f6da4e6beb365dddcbe159815450001d9fb753545affa45ff",
                "sha256:93cbad7b699e8e80def7de80c350617f35e6a0b82862f8ce3c014657c25fdb3c",
                "sha256:9f097e8f341a162438918e908be86d105a28194ff6224633b2e9616c5031153f",
                "sha256:a13e5731b3a360ee7fbd1e9199ec9203fafcece8ebd0b1351f16d0a90cad6828",
                "sha256:a6ac4861979cd05a0f5400fefa41d26c0269a5fb8237618aef7c998907db39e1",
                "sha256:a8b7c8accdc61dac8e91acab7c1f7b4590d1e102f2ee9b1f1e6399fad225958e",
                "sha256:adacb67a9f71fb54ca1b887a6ab20f32dd536fcdf2acec84a19e25ad768f7965",
                "sha256:bc2f3a15d065e206d63edd2cc4739aa0a35c05338ee276ab1dc72f56f1944bda",
                "sha256:cbf6ccf990860b06c5262ff97c4b78e1d07883981635cd53a6aa438a68d92945",
                "sha256:d87836be6b720fb4d9c112136aa47621b6ca09a554e645c1081561eb8e2fa1f4",
                "sha256:d90a5d1fdd066b0e9b22409b0f5e81933469918fa04c2cf7f9a76ce84cb29dad",
                "sha256:daf2998e3f5bcdd579a18faf009f37f53538e9b7d0a252581a610297d31e8536",
                "sha256:e015f900b4b84e908f8035ab16ebf02d67389c1c216c17a2196fc2e515c00762",
                "sha256:e50d5d20b87758acf8f13f39a3b3eb21d5ef32339d2bc8cdeb8092416e0051df",
                "sha256:f5a8015c74ec8f6508aebf493b58ba20ccb4da8168bf05f0c2a37faccb518da9"
            ],
            "version": "==2.6.1.post1"
        },
        "pyspark": {
            "hashes": [
                "sha256:38b485d3634a86c9a2923c39c8f08f003fdd0e0a3d7f07114b2fb4392ce60479"
            ],
            "index": "pypi",
            "version": "==3.0.1"
        },
        "python-dateutil": {
            "hashes": [
                "sha256:73ebfe9dbf22e832286dafa60473e4cd239f8592f699aa5adaf10050e6e1823c",
                "sha256:75bb3f31ea686f1197762692a9ee6a7550b59fc6ca3a1f4b5d7e32fb98e2da2a"
            ],
            "version": "==2.8.1"
        },
        "pytz": {
            "hashes": [
                "sha256:a494d53b6d39c3c6e44c3bec237336e14305e4f29bbf800b599253057fbb79ed",
                "sha256:c35965d010ce31b23eeb663ed3cc8c906275d6be1a34393a1d73a41febf4a048"
            ],
            "version": "==2020.1"
        },
        "shapely": {
            "hashes": [
                "sha256:052eb5b9ba756808a7825e8a8020fb146ec489dd5c919e7d139014775411e688",
                "sha256:1641724c1055459a7e2b8bbe47ba25bdc89554582e62aec23cb3f3ca25f9b129",
                "sha256:17df66e87d0fe0193910aeaa938c99f0b04f67b430edb8adae01e7be557b141b",
                "sha256:182716ffb500d114b5d1b75d7fd9d14b7d3414cef3c38c0490534cc9ce20981a",
                "sha256:35be1c5d869966569d3dfd4ec31832d7c780e9df760e1fe52131105685941891",
                "sha256:4c10f317e379cc404f8fc510cd9982d5d3e7ba13a9cfd39aa251d894c6366798",
                "sha256:4f3c59f6dbf86a9fc293546de492f5e07344e045f9333f3a753f2dda903c45d1",
                "sha256:60e5b2282619249dbe8dc5266d781cc7d7fb1b27fa49f8241f2167672ad26719",
                "sha256:6593026cd3f5daaea12bcc51ae5c979318070fefee210e7990cb8ac2364e79a1",
                "sha256:6871acba8fbe744efa4f9f34e726d070bfbf9bffb356a8f6d64557846324232b",
                "sha256:791477edb422692e7dc351c5ed6530eb0e949a31b45569946619a0d9cd5f53cb",
                "sha256:8e7659dd994792a0aad8fb80439f59055a21163e236faf2f9823beb63a380e19",
                "sha256:8f15b6ce67dcc05b61f19c689b60f3fe58550ba994290ff8332f711f5aaa9840",
                "sha256:90a3e2ae0d6d7d50ff2370ba168fbd416a53e7d8448410758c5d6a5920646c1d",
                "sha256:a3774516c8a83abfd1ddffb8b6ec1b0935d7fe6ea0ff5c31a18bfdae567b4eba",
                "sha256:da38ed3d65b8091447dc3717e5218cc336d20303b77b0634b261bc5c1aa2bae8",
                "sha256:de618e67b64a51a0768d26a9963ecd7d338a2cf6e9e7582d2385f88ad005b3d1",
                "sha256:e3afccf0437edc108eef1e2bb9cc4c7073e7705924eb4cd0bf7715cd1ef0ce1b"
            ],
            "version": "==1.7.1"
        },
        "six": {
            "hashes": [
                "sha256:30639c035cdb23534cd4aa2dd52c3bf48f06e5f4a941509c8bafd8ce11080259",
                "sha256:8b74bedcbbbaca38ff6d7491d76f2b06b3592611af620f8426e82dddb04a5ced"
            ],
            "version": "==1.15.0"
        }
    },
    "develop": {
        "attrs": {
            "hashes": [
                "sha256:26b54ddbbb9ee1d34d5d3668dd37d6cf74990ab23c828c2888dccdceee395594",
                "sha256:fce7fc47dfc976152e82d53ff92fa0407700c21acd20886a13777a0d20e655dc"
            ],
            "index": "pypi",
            "version": "==20.2.0"
        },
        "importlib-metadata": {
            "hashes": [
                "sha256:77a540690e24b0305878c37ffd421785a6f7e53c8b5720d211b211de8d0e95da",
                "sha256:cefa1a2f919b866c5beb7c9f7b0ebb4061f30a8a9bf16d609b000e2dfaceb9c3"
            ],
            "markers": "python_version < '3.8'",
            "version": "==2.0.0"
        },
        "iniconfig": {
            "hashes": [
                "sha256:80cf40c597eb564e86346103f609d74efce0f6b4d4f30ec8ce9e2c26411ba437",
                "sha256:e5f92f89355a67de0595932a6c6c02ab4afddc6fcdc0bfc5becd0d60884d3f69"
            ],
            "version": "==1.0.1"
        },
        "packaging": {
            "hashes": [
                "sha256:4357f74f47b9c12db93624a82154e9b120fa8293699949152b22065d556079f8",
                "sha256:998416ba6962ae7fbd6596850b80e17859a5753ba17c32284f67bfff33784181"
            ],
            "version": "==20.4"
        },
        "pluggy": {
            "hashes": [
                "sha256:15b2acde666561e1298d71b523007ed7364de07029219b604cf808bfa1c765b0",
                "sha256:966c145cd83c96502c3c3868f50408687b38434af77734af1e9ca461a4081d2d"
            ],
            "version": "==0.13.1"
        },
        "py": {
            "hashes": [
                "sha256:366389d1db726cd2fcfc79732e75410e5fe4d31db13692115529d34069a043c2",
                "sha256:9ca6883ce56b4e8da7e79ac18787889fa5206c79dcc67fb065376cd2fe03f342"
            ],
            "version": "==1.9.0"
        },
        "pyparsing": {
            "hashes": [
                "sha256:c203ec8783bf771a155b207279b9bccb8dea02d8f0c9e5f8ead507bc3246ecc1",
                "sha256:ef9d7589ef3c200abe66653d3f1ab1033c3c419ae9b9bdb1240a85b024efc88b"
            ],
            "version": "==2.4.7"
        },
        "pytest": {
            "hashes": [
                "sha256:7a8190790c17d79a11f847fba0b004ee9a8122582ebff4729a082c109e81a4c9",
                "sha256:8f593023c1a0f916110285b6efd7f99db07d59546e3d8c36fc60e2ab05d3be92"
            ],
            "index": "pypi",
            "version": "==6.1.1"
        },
        "six": {
            "hashes": [
                "sha256:30639c035cdb23534cd4aa2dd52c3bf48f06e5f4a941509c8bafd8ce11080259",
                "sha256:8b74bedcbbbaca38ff6d7491d76f2b06b3592611af620f8426e82dddb04a5ced"
            ],
            "version": "==1.15.0"
        },
        "toml": {
            "hashes": [
                "sha256:926b612be1e5ce0634a2ca03470f95169cf16f939018233a670519cb4ac58b0f",
                "sha256:bda89d5935c2eac546d648028b9901107a595863cb36bae0c73ac804a9b4ce88"
            ],
            "version": "==0.10.1"
        },
        "zipp": {
            "hashes": [
                "sha256:64ad89efee774d1897a58607895d80789c59778ea02185dd846ac38394a8642b",
                "sha256:eed8ec0b8d1416b2ca33516a37a08892442f3954dee131e92cfd92d8fe3e7066"
            ],
            "version": "==3.3.0"
        }
    }
}
